
Microsoft Visual Studio Solution File, Format Version 12.00
# Visual Studio Version 16
VisualStudioVersion = 16.0.31515.178
MinimumVisualStudioVersion = 10.0.40219.1
Project("{9A19103F-16F7-4668-BE54-9A1E7A4F7556}") = "DiagnosticScenarios", "DiagnosticScenarios.csproj", "{001ED1F5-67FE-406B-960F-B6F315F08AEC}"
EndProject
Project("{E53339B2-1760-4266-BCC7-CA923CBCF16C}") = "docker-compose", "docker-compose.dcproj", "{968C2B5C-287E-49C4-82C1-B7B48DC177F7}"
EndProject
Global
	GlobalSection(SolutionConfigurationPlatforms) = preSolution
		Debug|Any CPU = Debug|Any CPU
		Release|Any CPU = Release|Any CPU
	EndGlobalSection
	GlobalSection(ProjectConfigurationPlatforms) = postSolution
		{001ED1F5-67FE-406B-960F-B6F315F08AEC}.Debug|Any CPU.ActiveCfg = Debug|Any CPU
		{001ED1F5-67FE-406B-960F-B6F315F08AEC}.Debug|Any CPU.Build.0 = Debug|Any CPU
		{001ED1F5-67FE-406B-960F-B6F315F08AEC}.Release|Any CPU.ActiveCfg = Release|Any CPU
		{001ED1F5-67FE-406B-960F-B6F315F08AEC}.Release|Any CPU.Build.0 = Release|Any CPU
		{968C2B5C-287E-49C4-82C1-B7B48DC177F7}.Debug|Any CPU.ActiveCfg = Debug|Any CPU
		{968C2B5C-287E-49C4-82C1-B7B48DC177F7}.Debug|Any CPU.Build.0 = Debug|Any CPU
		{968C2B5C-287E-49C4-82C1-B7B48DC177F7}.Release|Any CPU.ActiveCfg = Release|Any CPU
		{968C2B5C-287E-49C4-82C1-B7B48DC177F7}.Release|Any CPU.Build.0 = Release|Any CPU
	EndGlobalSection
	GlobalSection(SolutionProperties) = preSolution
		HideSolutionNode = FALSE
	EndGlobalSection
	GlobalSection(ExtensibilityGlobals) = postSolution
		SolutionGuid = {AB67961A-BD15-4502-9116-ADDBE739C8A7}
	EndGlobalSection
EndGlobal
